
Microsoft Visual Studio Solution File, Format Version 12.00
# Visual Studio Version 16
VisualStudioVersion = 16.0.29306.81
MinimumVisualStudioVersion = 10.0.40219.1
Project("{9A19103F-16F7-4668-BE54-9A1E7A4F7556}") = "FrontEnd", "FrontEnd.csproj", "{A7EAEF3F-906F-4A87-BD1E-3DA1F618EFCF}"
EndProject
Global
	GlobalSection(SolutionConfigurationPlatforms) = preSolution
		Debug|Any CPU = Debug|Any CPU
		Release|Any CPU = Release|Any CPU
	EndGlobalSection
	GlobalSection(ProjectConfigurationPlatforms) = postSolution
		{A7EAEF3F-906F-4A87-BD1E-3DA1F618EFCF}.Debug|Any CPU.ActiveCfg = Debug|Any CPU
		{A7EAEF3F-906F-4A87-BD1E-3DA1F618EFCF}.Debug|Any CPU.Build.0 = Debug|Any CPU
		{A7EAEF3F-906F-4A87-BD1E-3DA1F618EFCF}.Release|Any CPU.ActiveCfg = Release|Any CPU
		{A7EAEF3F-906F-4A87-BD1E-3DA1F618EFCF}.Release|Any CPU.Build.0 = Release|Any CPU
	EndGlobalSection
	GlobalSection(SolutionProperties) = preSolution
		HideSolutionNode = FALSE
	EndGlobalSection
	GlobalSection(ExtensibilityGlobals) = postSolution
		SolutionGuid = {FB25FEC1-04AC-4E13-8162-82A2CBC71E4A}
	EndGlobalSection
EndGlobal
